
Microsoft Visual Studio Solution File, Format Version 12.00
# Visual Studio Version 16
VisualStudioVersion = 16.0.30517.126
MinimumVisualStudioVersion = 10.0.40219.1
Project("{2150E333-8FDC-42A3-9474-1A3956D46DE8}") = "Source", "Source", "{2C0C531D-7081-46B7-BFC8-0FDDEB3F27BC}"
EndProject
Project("{2150E333-8FDC-42A3-9474-1A3956D46DE8}") = "WebApi", "WebApi", "{44ACECA6-B44A-4DEA-8BB3-ECABFF55637A}"
EndProject
Project("{FAE04EC0-301F-11D3-BF4B-00C04F79EFBC}") = "CRM.WebApi", "CRM.WebApi\CRM.WebApi.csproj", "{5CC60633-FF29-41D5-9CEF-D19071CCCDE2}"
EndProject
Project("{2150E333-8FDC-42A3-9474-1A3956D46DE8}") = "Core", "Core", "{77BA3A1A-C3D2-421F-8396-92F4BC9C86EF}"
EndProject
Project("{FAE04EC0-301F-11D3-BF4B-00C04F79EFBC}") = "CRM.Application", "CRM.Application\CRM.Application.csproj", "{83E08176-F6C4-457D-9D34-3F00B4D2396A}"
EndProject
Project("{FAE04EC0-301F-11D3-BF4B-00C04F79EFBC}") = "CRM.Domain", "CRM.Domain\CRM.Domain.csproj", "{623A80CB-F63D-45AF-8E95-18429B0A4A05}"
EndProject
Project("{2150E333-8FDC-42A3-9474-1A3956D46DE8}") = "Infrastructure", "Infrastructure", "{7E4D5B31-F900-40A5-BFEF-790101C57F39}"
EndProject
Project("{FAE04EC0-301F-11D3-BF4B-00C04F79EFBC}") = "CRM.Infrastructure.Identity", "CRM.Infrastructure.Identity\CRM.Infrastructure.Identity.csproj", "{59DD7FB9-A57B-4280-A7BA-F69981648524}"
EndProject
Project("{FAE04EC0-301F-11D3-BF4B-00C04F79EFBC}") = "CRM.Infrastructure.Persistence", "CRM.Infrastructure.Persistence\CRM.Infrastructure.Persistence.csproj", "{58E9AF80-8419-4D61-8A93-DA26D8672651}"
EndProject
Project("{FAE04EC0-301F-11D3-BF4B-00C04F79EFBC}") = "CRM.Infrastructure.Shared", "CRM.Infrastructure.Shared\CRM.Infrastructure.Shared.csproj", "{A898C037-FE9E-4201-9FE0-D3BEB801A033}"
EndProject
Global
	GlobalSection(SolutionConfigurationPlatforms) = preSolution
		Debug|Any CPU = Debug|Any CPU
		Release|Any CPU = Release|Any CPU
	EndGlobalSection
	GlobalSection(ProjectConfigurationPlatforms) = postSolution
		{5CC60633-FF29-41D5-9CEF-D19071CCCDE2}.Debug|Any CPU.ActiveCfg = Debug|Any CPU
		{5CC60633-FF29-41D5-9CEF-D19071CCCDE2}.Debug|Any CPU.Build.0 = Debug|Any CPU
		{5CC60633-FF29-41D5-9CEF-D19071CCCDE2}.Release|Any CPU.ActiveCfg = Release|Any CPU
		{5CC60633-FF29-41D5-9CEF-D19071CCCDE2}.Release|Any CPU.Build.0 = Release|Any CPU
		{83E08176-F6C4-457D-9D34-3F00B4D2396A}.Debug|Any CPU.ActiveCfg = Debug|Any CPU
		{83E08176-F6C4-457D-9D34-3F00B4D2396A}.Debug|Any CPU.Build.0 = Debug|Any CPU
		{83E08176-F6C4-457D-9D34-3F00B4D2396A}.Release|Any CPU.ActiveCfg = Release|Any CPU
		{83E08176-F6C4-457D-9D34-3F00B4D2396A}.Release|Any CPU.Build.0 = Release|Any CPU
		{623A80CB-F63D-45AF-8E95-18429B0A4A05}.Debug|Any CPU.ActiveCfg = Debug|Any CPU
		{623A80CB-F63D-45AF-8E95-18429B0A4A05}.Debug|Any CPU.Build.0 = Debug|Any CPU
		{623A80CB-F63D-45AF-8E95-18429B0A4A05}.Release|Any CPU.ActiveCfg = Release|Any CPU
		{623A80CB-F63D-45AF-8E95-18429B0A4A05}.Release|Any CPU.Build.0 = Release|Any CPU
		{59DD7FB9-A57B-4280-A7BA-F69981648524}.Debug|Any CPU.ActiveCfg = Debug|Any CPU
		{59DD7FB9-A57B-4280-A7BA-F69981648524}.Debug|Any CPU.Build.0 = Debug|Any CPU
		{59DD7FB9-A57B-4280-A7BA-F69981648524}.Release|Any CPU.ActiveCfg = Release|Any CPU
		{59DD7FB9-A57B-4280-A7BA-F69981648524}.Release|Any CPU.Build.0 = Release|Any CPU
		{58E9AF80-8419-4D61-8A93-DA26D8672651}.Debug|Any CPU.ActiveCfg = Debug|Any CPU
		{58E9AF80-8419-4D61-8A93-DA26D8672651}.Debug|Any CPU.Build.0 = Debug|Any CPU
		{58E9AF80-8419-4D61-8A93-DA26D8672651}.Release|Any CPU.ActiveCfg = Release|Any CPU
		{58E9AF80-8419-4D61-8A93-DA26D8672651}.Release|Any CPU.Build.0 = Release|Any CPU
		{A898C037-FE9E-4201-9FE0-D3BEB801A033}.Debug|Any CPU.ActiveCfg = Debug|Any CPU
		{A898C037-FE9E-4201-9FE0-D3BEB801A033}.Debug|Any CPU.Build.0 = Debug|Any CPU
		{A898C037-FE9E-4201-9FE0-D3BEB801A033}.Release|Any CPU.ActiveCfg = Release|Any CPU
		{A898C037-FE9E-4201-9FE0-D3BEB801A033}.Release|Any CPU.Build.0 = Release|Any CPU
	EndGlobalSection
	GlobalSection(SolutionProperties) = preSolution
		HideSolutionNode = FALSE
	EndGlobalSection
	GlobalSection(NestedProjects) = preSolution
		{44ACECA6-B44A-4DEA-8BB3-ECABFF55637A} = {2C0C531D-7081-46B7-BFC8-0FDDEB3F27BC}
		{5CC60633-FF29-41D5-9CEF-D19071CCCDE2} = {44ACECA6-B44A-4DEA-8BB3-ECABFF55637A}
		{77BA3A1A-C3D2-421F-8396-92F4BC9C86EF} = {2C0C531D-7081-46B7-BFC8-0FDDEB3F27BC}
		{83E08176-F6C4-457D-9D34-3F00B4D2396A} = {77BA3A1A-C3D2-421F-8396-92F4BC9C86EF}
		{623A80CB-F63D-45AF-8E95-18429B0A4A05} = {77BA3A1A-C3D2-421F-8396-92F4BC9C86EF}
		{7E4D5B31-F900-40A5-BFEF-790101C57F39} = {2C0C531D-7081-46B7-BFC8-0FDDEB3F27BC}
		{59DD7FB9-A57B-4280-A7BA-F69981648524} = {7E4D5B31-F900-40A5-BFEF-790101C57F39}
		{58E9AF80-8419-4D61-8A93-DA26D8672651} = {7E4D5B31-F900-40A5-BFEF-790101C57F39}
		{A898C037-FE9E-4201-9FE0-D3BEB801A033} = {7E4D5B31-F900-40A5-BFEF-790101C57F39}
	EndGlobalSection
	GlobalSection(ExtensibilityGlobals) = postSolution
		SolutionGuid = {BEB27321-A333-43AF-A8B7-B0C278CF7E1C}
	EndGlobalSection
EndGlobal
